{
  "requires": true,
  "lockfileVersion": 1,
  "dependencies": {
    "chartjs-plugin-zoom": {
      "version": "0.7.5",
      "resolved": "https://registry.npmjs.org/chartjs-plugin-zoom/-/chartjs-plugin-zoom-0.7.5.tgz",
      "integrity": "sha512-OGVQXlw5meOD7ac+CBNO7yKg4Tk06eBb5LUIgpK/qgv7SjVB/89pWMQY3pxWnzCMI8FsoV3iTKQ2ZCOvh4+q6w==",
      "requires": {
        "hammerjs": "^2.0.8"
      }
    },
    "hammerjs": {
      "version": "2.0.8",
      "resolved": "https://registry.npmjs.org/hammerjs/-/hammerjs-2.0.8.tgz",
      "integrity": "sha1-BO93hiz/K7edMPdpIJWTAiK/YPE="
    }
  }
}
